
Microsoft Visual Studio Solution File, Format Version 12.00
# Visual Studio Version 16
VisualStudioVersion = 16.0.29215.179
MinimumVisualStudioVersion = 10.0.40219.1
Project("{FAE04EC0-301F-11D3-BF4B-00C04F79EFBC}") = "Lab07_Snake", "Lab07_Snake.csproj", "{880BC0FC-E121-4C75-B929-8BF352250769}"
EndProject
Global
	GlobalSection(SolutionConfigurationPlatforms) = preSolution
		Debug|Any CPU = Debug|Any CPU
		Release|Any CPU = Release|Any CPU
	EndGlobalSection
	GlobalSection(ProjectConfigurationPlatforms) = postSolution
		{880BC0FC-E121-4C75-B929-8BF352250769}.Debug|Any CPU.ActiveCfg = Debug|Any CPU
		{880BC0FC-E121-4C75-B929-8BF352250769}.Debug|Any CPU.Build.0 = Debug|Any CPU
		{880BC0FC-E121-4C75-B929-8BF352250769}.Release|Any CPU.ActiveCfg = Release|Any CPU
		{880BC0FC-E121-4C75-B929-8BF352250769}.Release|Any CPU.Build.0 = Release|Any CPU
	EndGlobalSection
	GlobalSection(SolutionProperties) = preSolution
		HideSolutionNode = FALSE
	EndGlobalSection
	GlobalSection(ExtensibilityGlobals) = postSolution
		SolutionGuid = {FEC78569-57FA-45E2-9F64-C6B761BE8F9F}
	EndGlobalSection
EndGlobal
